
Microsoft Visual Studio Solution File, Format Version 12.00
# Visual Studio Version 16
VisualStudioVersion = 16.0.30204.135
MinimumVisualStudioVersion = 10.0.40219.1
Project("{FAE04EC0-301F-11D3-BF4B-00C04F79EFBC}") = "CourseREST", "CourseREST.csproj", "{F1E4754D-4D8F-4446-97D2-E8ECD8A2A5A2}"
EndProject
Project("{FAE04EC0-301F-11D3-BF4B-00C04F79EFBC}") = "Logic", "..\Logic\Logic.csproj", "{96B21B57-BCD9-4863-9B0B-B39556597B62}"
EndProject
Project("{FAE04EC0-301F-11D3-BF4B-00C04F79EFBC}") = "Data", "..\Data\Data.csproj", "{CA2A44EE-E580-4736-9DE3-82FD2541E1CC}"
EndProject
Global
	GlobalSection(SolutionConfigurationPlatforms) = preSolution
		Debug|Any CPU = Debug|Any CPU
		Release|Any CPU = Release|Any CPU
	EndGlobalSection
	GlobalSection(ProjectConfigurationPlatforms) = postSolution
		{F1E4754D-4D8F-4446-97D2-E8ECD8A2A5A2}.Debug|Any CPU.ActiveCfg = Debug|Any CPU
		{F1E4754D-4D8F-4446-97D2-E8ECD8A2A5A2}.Debug|Any CPU.Build.0 = Debug|Any CPU
		{F1E4754D-4D8F-4446-97D2-E8ECD8A2A5A2}.Release|Any CPU.ActiveCfg = Release|Any CPU
		{F1E4754D-4D8F-4446-97D2-E8ECD8A2A5A2}.Release|Any CPU.Build.0 = Release|Any CPU
		{96B21B57-BCD9-4863-9B0B-B39556597B62}.Debug|Any CPU.ActiveCfg = Debug|Any CPU
		{96B21B57-BCD9-4863-9B0B-B39556597B62}.Debug|Any CPU.Build.0 = Debug|Any CPU
		{96B21B57-BCD9-4863-9B0B-B39556597B62}.Release|Any CPU.ActiveCfg = Release|Any CPU
		{96B21B57-BCD9-4863-9B0B-B39556597B62}.Release|Any CPU.Build.0 = Release|Any CPU
		{CA2A44EE-E580-4736-9DE3-82FD2541E1CC}.Debug|Any CPU.ActiveCfg = Debug|Any CPU
		{CA2A44EE-E580-4736-9DE3-82FD2541E1CC}.Debug|Any CPU.Build.0 = Debug|Any CPU
		{CA2A44EE-E580-4736-9DE3-82FD2541E1CC}.Release|Any CPU.ActiveCfg = Release|Any CPU
		{CA2A44EE-E580-4736-9DE3-82FD2541E1CC}.Release|Any CPU.Build.0 = Release|Any CPU
	EndGlobalSection
	GlobalSection(SolutionProperties) = preSolution
		HideSolutionNode = FALSE
	EndGlobalSection
	GlobalSection(ExtensibilityGlobals) = postSolution
		SolutionGuid = {37FCB252-0516-4A8C-8524-CD5BF0C8BC73}
	EndGlobalSection
EndGlobal
